
Microsoft Visual Studio Solution File, Format Version 12.00
# Visual Studio Version 16
VisualStudioVersion = 16.0.29230.47
MinimumVisualStudioVersion = 10.0.40219.1
Project("{FAE04EC0-301F-11D3-BF4B-00C04F79EFBC}") = "MoveCircle", "MoveCircle\MoveCircle.csproj", "{81B6663D-2CB7-4E12-9A3C-432E00CB66E7}"
EndProject
Global
	GlobalSection(SolutionConfigurationPlatforms) = preSolution
		Debug|Any CPU = Debug|Any CPU
		Release|Any CPU = Release|Any CPU
	EndGlobalSection
	GlobalSection(ProjectConfigurationPlatforms) = postSolution
		{81B6663D-2CB7-4E12-9A3C-432E00CB66E7}.Debug|Any CPU.ActiveCfg = Debug|Any CPU
		{81B6663D-2CB7-4E12-9A3C-432E00CB66E7}.Debug|Any CPU.Build.0 = Debug|Any CPU
		{81B6663D-2CB7-4E12-9A3C-432E00CB66E7}.Release|Any CPU.ActiveCfg = Release|Any CPU
		{81B6663D-2CB7-4E12-9A3C-432E00CB66E7}.Release|Any CPU.Build.0 = Release|Any CPU
	EndGlobalSection
	GlobalSection(SolutionProperties) = preSolution
		HideSolutionNode = FALSE
	EndGlobalSection
	GlobalSection(ExtensibilityGlobals) = postSolution
		SolutionGuid = {4C05B720-145D-448C-8472-905E3230FC05}
	EndGlobalSection
EndGlobal
